// !$*UTF8*$!
{
	archiveVersion = 1;
	classes = {
	};
	objectVersion = 77;
	objects = {

/* Begin PBXBuildFile section */
		D88D51782E46390A000329AD /* CombineMoya in Frameworks */ = {isa = PBXBuildFile; productRef = D88D51772E46390A000329AD /* CombineMoya */; };
		D88D517A2E46390A000329AD /* Moya in Frameworks */ = {isa = PBXBuildFile; productRef = D88D51792E46390A000329AD /* Moya */; };
		D88D517C2E46390A000329AD /* ReactiveMoya in Frameworks */ = {isa = PBXBuildFile; productRef = D88D517B2E46390A000329AD /* ReactiveMoya */; };
		D88D517E2E46390A000329AD /* RxMoya in Frameworks */ = {isa = PBXBuildFile; productRef = D88D517D2E46390A000329AD /* RxMoya */; };
		D88D51812E46395A000329AD /* Swinject in Frameworks */ = {isa = PBXBuildFile; productRef = D88D51802E46395A000329AD /* Swinject */; };
		D88D51842E463981000329AD /* SnapKit in Frameworks */ = {isa = PBXBuildFile; productRef = D88D51832E463981000329AD /* SnapKit */; };
		D88D51872E4639D1000329AD /* Then in Frameworks */ = {isa = PBXBuildFile; productRef = D88D51862E4639D1000329AD /* Then */; };
		D88D531D2E46E0E8000329AD /* Lottie in Frameworks */ = {isa = PBXBuildFile; productRef = D88D531C2E46E0E8000329AD /* Lottie */; };
		D88D53382E46F440000329AD /* Kingfisher in Frameworks */ = {isa = PBXBuildFile; productRef = D88D53372E46F440000329AD /* Kingfisher */; };
		D88D547D2E4707D5000329AD /* RealmSwift in Frameworks */ = {isa = PBXBuildFile; productRef = D88D547C2E4707D5000329AD /* RealmSwift */; };
/* End PBXBuildFile section */

/* Begin PBXFileReference section */
		D8B102052E4600E800CB04DF /* HappyMoonday-TestProject.app */ = {isa = PBXFileReference; explicitFileType = wrapper.application; includeInIndex = 0; path = "HappyMoonday-TestProject.app"; sourceTree = BUILT_PRODUCTS_DIR; };
/* End PBXFileReference section */

/* Begin PBXFileSystemSynchronizedBuildFileExceptionSet section */
		D8B102172E4600EB00CB04DF /* Exceptions for "HappyMoonday-TestProject" folder in "HappyMoonday-TestProject" target */ = {
			isa = PBXFileSystemSynchronizedBuildFileExceptionSet;
			membershipExceptions = (
				Info.plist,
			);
			target = D8B102042E4600E800CB04DF /* HappyMoonday-TestProject */;
		};
/* End PBXFileSystemSynchronizedBuildFileExceptionSet section */

/* Begin PBXFileSystemSynchronizedRootGroup section */
		D8B102072E4600E800CB04DF /* HappyMoonday-TestProject */ = {
			isa = PBXFileSystemSynchronizedRootGroup;
			exceptions = (
				D8B102172E4600EB00CB04DF /* Exceptions for "HappyMoonday-TestProject" folder in "HappyMoonday-TestProject" target */,
			);
			path = "HappyMoonday-TestProject";
			sourceTree = "<group>";
		};
/* End PBXFileSystemSynchronizedRootGroup section */

/* Begin PBXFrameworksBuildPhase section */
		D8B102022E4600E800CB04DF /* Frameworks */ = {
			isa = PBXFrameworksBuildPhase;
			buildActionMask = 2147483647;
			files = (
				D88D517A2E46390A000329AD /* Moya in Frameworks */,
				D88D51812E46395A000329AD /* Swinject in Frameworks */,
				D88D51782E46390A000329AD /* CombineMoya in Frameworks */,
				D88D53382E46F440000329AD /* Kingfisher in Frameworks */,
				D88D51872E4639D1000329AD /* Then in Frameworks */,
				D88D51842E463981000329AD /* SnapKit in Frameworks */,
				D88D517E2E46390A000329AD /* RxMoya in Frameworks */,
				D88D517C2E46390A000329AD /* ReactiveMoya in Frameworks */,
				D88D547D2E4707D5000329AD /* RealmSwift in Frameworks */,
				D88D531D2E46E0E8000329AD /* Lottie in Frameworks */,
			);
			runOnlyForDeploymentPostprocessing = 0;
		};
/* End PBXFrameworksBuildPhase section */

/* Begin PBXGroup section */
		D8B101FC2E4600E800CB04DF = {
			isa = PBXGroup;
			children = (
				D8B102072E4600E800CB04DF /* HappyMoonday-TestProject */,
				D8B102062E4600E800CB04DF /* Products */,
			);
			sourceTree = "<group>";
		};
		D8B102062E4600E800CB04DF /* Products */ = {
			isa = PBXGroup;
			children = (
				D8B102052E4600E800CB04DF /* HappyMoonday-TestProject.app */,
			);
			name = Products;
			sourceTree = "<group>";
		};
/* End PBXGroup section */

/* Begin PBXNativeTarget section */
		D8B102042E4600E800CB04DF /* HappyMoonday-TestProject */ = {
			isa = PBXNativeTarget;
			buildConfigurationList = D8B102182E4600EB00CB04DF /* Build configuration list for PBXNativeTarget "HappyMoonday-TestProject" */;
			buildPhases = (
				D8B102012E4600E800CB04DF /* Sources */,
				D8B102022E4600E800CB04DF /* Frameworks */,
				D8B102032E4600E800CB04DF /* Resources */,
			);
			buildRules = (
			);
			dependencies = (
			);
			fileSystemSynchronizedGroups = (
				D8B102072E4600E800CB04DF /* HappyMoonday-TestProject */,
			);
			name = "HappyMoonday-TestProject";
			packageProductDependencies = (
				D88D51772E46390A000329AD /* CombineMoya */,
				D88D51792E46390A000329AD /* Moya */,
				D88D517B2E46390A000329AD /* ReactiveMoya */,
				D88D517D2E46390A000329AD /* RxMoya */,
				D88D51802E46395A000329AD /* Swinject */,
				D88D51832E463981000329AD /* SnapKit */,
				D88D51862E4639D1000329AD /* Then */,
				D88D531C2E46E0E8000329AD /* Lottie */,
				D88D53372E46F440000329AD /* Kingfisher */,
				D88D547C2E4707D5000329AD /* RealmSwift */,
			);
			productName = "HappyMoonday-TestProject";
			productReference = D8B102052E4600E800CB04DF /* HappyMoonday-TestProject.app */;
			productType = "com.apple.product-type.application";
		};
/* End PBXNativeTarget section */

/* Begin PBXProject section */
		D8B101FD2E4600E800CB04DF /* Project object */ = {
			isa = PBXProject;
			attributes = {
				BuildIndependentTargetsInParallel = 1;
				LastSwiftUpdateCheck = 1620;
				LastUpgradeCheck = 1620;
				TargetAttributes = {
					D8B102042E4600E800CB04DF = {
						CreatedOnToolsVersion = 16.2;
					};
				};
			};
			buildConfigurationList = D8B102002E4600E800CB04DF /* Build configuration list for PBXProject "HappyMoonday-TestProject" */;
			developmentRegion = en;
			hasScannedForEncodings = 0;
			knownRegions = (
				en,
				Base,
			);
			mainGroup = D8B101FC2E4600E800CB04DF;
			minimizedProjectReferenceProxies = 1;
			packageReferences = (
				D88D51762E46390A000329AD /* XCRemoteSwiftPackageReference "Moya" */,
				D88D517F2E46395A000329AD /* XCRemoteSwiftPackageReference "Swinject" */,
				D88D51822E463981000329AD /* XCRemoteSwiftPackageReference "SnapKit" */,
				D88D51852E4639D1000329AD /* XCRemoteSwiftPackageReference "Then" */,
				D88D531B2E46E0E8000329AD /* XCRemoteSwiftPackageReference "lottie-spm" */,
				D88D53362E46F440000329AD /* XCRemoteSwiftPackageReference "Kingfisher" */,
				D88D547B2E4707D5000329AD /* XCRemoteSwiftPackageReference "realm-swift" */,
			);
			preferredProjectObjectVersion = 77;
			productRefGroup = D8B102062E4600E800CB04DF /* Products */;
			projectDirPath = "";
			projectRoot = "";
			targets = (
				D8B102042E4600E800CB04DF /* HappyMoonday-TestProject */,
			);
		};
/* End PBXProject section */

/* Begin PBXResourcesBuildPhase section */
		D8B102032E4600E800CB04DF /* Resources */ = {
			isa = PBXResourcesBuildPhase;
			buildActionMask = 2147483647;
			files = (
			);
			runOnlyForDeploymentPostprocessing = 0;
		};
/* End PBXResourcesBuildPhase section */

/* Begin PBXSourcesBuildPhase section */
		D8B102012E4600E800CB04DF /* Sources */ = {
			isa = PBXSourcesBuildPhase;
			buildActionMask = 2147483647;
			files = (
			);
			runOnlyForDeploymentPostprocessing = 0;
		};
/* End PBXSourcesBuildPhase section */

/* Begin XCBuildConfiguration section */
		D8B102192E4600EB00CB04DF /* Debug */ = {
			isa = XCBuildConfiguration;
			buildSettings = {
				ASSETCATALOG_COMPILER_APPICON_NAME = AppIcon;
				ASSETCATALOG_COMPILER_GLOBAL_ACCENT_COLOR_NAME = AccentColor;
				CODE_SIGN_STYLE = Automatic;
				CURRENT_PROJECT_VERSION = 1;
				DEVELOPMENT_TEAM = 277QUM3J2F;
				GENERATE_INFOPLIST_FILE = YES;
				INFOPLIST_FILE = "HappyMoonday-TestProject/Info.plist";
				INFOPLIST_KEY_UIApplicationSupportsIndirectInputEvents = YES;
				INFOPLIST_KEY_UILaunchStoryboardName = LaunchScreen;
				INFOPLIST_KEY_UISupportedInterfaceOrientations_iPad = "UIInterfaceOrientationPortrait UIInterfaceOrientationPortraitUpsideDown UIInterfaceOrientationLandscapeLeft UIInterfaceOrientationLandscapeRight";
				INFOPLIST_KEY_UISupportedInterfaceOrientations_iPhone = "UIInterfaceOrientationPortrait UIInterfaceOrientationLandscapeLeft UIInterfaceOrientationLandscapeRight";
				LD_RUNPATH_SEARCH_PATHS = (
					"$(inherited)",
					"@executable_path/Frameworks",
				);
				MARKETING_VERSION = 1.0;
				PRODUCT_BUNDLE_IDENTIFIER = "com.jun12.HappyMoonday-TestProject";
				PRODUCT_NAME = "$(TARGET_NAME)";
				SWIFT_EMIT_LOC_STRINGS = YES;
				SWIFT_VERSION = 5.0;
				TARGETED_DEVICE_FAMILY = "1,2";
			};
			name = Debug;
		};
		D8B1021A2E4600EB00CB04DF /* Release */ = {
			isa = XCBuildConfiguration;
			buildSettings = {
				ASSETCATALOG_COMPILER_APPICON_NAME = AppIcon;
				ASSETCATALOG_COMPILER_GLOBAL_ACCENT_COLOR_NAME = AccentColor;
				CODE_SIGN_STYLE = Automatic;
				CURRENT_PROJECT_VERSION = 1;
				DEVELOPMENT_TEAM = 277QUM3J2F;
				GENERATE_INFOPLIST_FILE = YES;
				INFOPLIST_FILE = "HappyMoonday-TestProject/Info.plist";
				INFOPLIST_KEY_UIApplicationSupportsIndirectInputEvents = YES;
				INFOPLIST_KEY_UILaunchStoryboardName = LaunchScreen;
				INFOPLIST_KEY_UISupportedInterfaceOrientations_iPad = "UIInterfaceOrientationPortrait UIInterfaceOrientationPortraitUpsideDown UIInterfaceOrientationLandscapeLeft UIInterfaceOrientationLandscapeRight";
				INFOPLIST_KEY_UISupportedInterfaceOrientations_iPhone = "UIInterfaceOrientationPortrait UIInterfaceOrientationLandscapeLeft UIInterfaceOrientationLandscapeRight";
				LD_RUNPATH_SEARCH_PATHS = (
					"$(inherited)",
					"@executable_path/Frameworks",
				);
				MARKETING_VERSION = 1.0;
				PRODUCT_BUNDLE_IDENTIFIER = "com.jun12.HappyMoonday-TestProject";
				PRODUCT_NAME = "$(TARGET_NAME)";
				SWIFT_EMIT_LOC_STRINGS = YES;
				SWIFT_VERSION = 5.0;
				TARGETED_DEVICE_FAMILY = "1,2";
			};
			name = Release;
		};
		D8B1021B2E4600EB00CB04DF /* Debug */ = {
			isa = XCBuildConfiguration;
			buildSettings = {
				ALWAYS_SEARCH_USER_PATHS = NO;
				ASSETCATALOG_COMPILER_GENERATE_SWIFT_ASSET_SYMBOL_EXTENSIONS = YES;
				CLANG_ANALYZER_NONNULL = YES;
				CLANG_ANALYZER_NUMBER_OBJECT_CONVERSION = YES_AGGRESSIVE;
				CLANG_CXX_LANGUAGE_STANDARD = "gnu++20";
				CLANG_ENABLE_MODULES = YES;
				CLANG_ENABLE_OBJC_ARC = YES;
				CLANG_ENABLE_OBJC_WEAK = YES;
				CLANG_WARN_BLOCK_CAPTURE_AUTORELEASING = YES;
				CLANG_WARN_BOOL_CONVERSION = YES;
				CLANG_WARN_COMMA = YES;
				CLANG_WARN_CONSTANT_CONVERSION = YES;
				CLANG_WARN_DEPRECATED_OBJC_IMPLEMENTATIONS = YES;
				CLANG_WARN_DIRECT_OBJC_ISA_USAGE = YES_ERROR;
				CLANG_WARN_DOCUMENTATION_COMMENTS = YES;
				CLANG_WARN_EMPTY_BODY = YES;
				CLANG_WARN_ENUM_CONVERSION = YES;
				CLANG_WARN_INFINITE_RECURSION = YES;
				CLANG_WARN_INT_CONVERSION = YES;
				CLANG_WARN_NON_LITERAL_NULL_CONVERSION = YES;
				CLANG_WARN_OBJC_IMPLICIT_RETAIN_SELF = YES;
				CLANG_WARN_OBJC_LITERAL_CONVERSION = YES;
				CLANG_WARN_OBJC_ROOT_CLASS = YES_ERROR;
				CLANG_WARN_QUOTED_INCLUDE_IN_FRAMEWORK_HEADER = YES;
				CLANG_WARN_RANGE_LOOP_ANALYSIS = YES;
				CLANG_WARN_STRICT_PROTOTYPES = YES;
				CLANG_WARN_SUSPICIOUS_MOVE = YES;
				CLANG_WARN_UNGUARDED_AVAILABILITY = YES_AGGRESSIVE;
				CLANG_WARN_UNREACHABLE_CODE = YES;
				CLANG_WARN__DUPLICATE_METHOD_MATCH = YES;
				COPY_PHASE_STRIP = NO;
				DEBUG_INFORMATION_FORMAT = dwarf;
				ENABLE_STRICT_OBJC_MSGSEND = YES;
				ENABLE_TESTABILITY = YES;
				ENABLE_USER_SCRIPT_SANDBOXING = YES;
				GCC_C_LANGUAGE_STANDARD = gnu17;
				GCC_DYNAMIC_NO_PIC = NO;
				GCC_NO_COMMON_BLOCKS = YES;
				GCC_OPTIMIZATION_LEVEL = 0;
				GCC_PREPROCESSOR_DEFINITIONS = (
					"DEBUG=1",
					"$(inherited)",
				);
				GCC_WARN_64_TO_32_BIT_CONVERSION = YES;
				GCC_WARN_ABOUT_RETURN_TYPE = YES_ERROR;
				GCC_WARN_UNDECLARED_SELECTOR = YES;
				GCC_WARN_UNINITIALIZED_AUTOS = YES_AGGRESSIVE;
				GCC_WARN_UNUSED_FUNCTION = YES;
				GCC_WARN_UNUSED_VARIABLE = YES;
				IPHONEOS_DEPLOYMENT_TARGET = 18.2;
				LOCALIZATION_PREFERS_STRING_CATALOGS = YES;
				MTL_ENABLE_DEBUG_INFO = INCLUDE_SOURCE;
				MTL_FAST_MATH = YES;
				ONLY_ACTIVE_ARCH = YES;
				SDKROOT = iphoneos;
				SWIFT_ACTIVE_COMPILATION_CONDITIONS = "DEBUG $(inherited)";
				SWIFT_OPTIMIZATION_LEVEL = "-Onone";
			};
			name = Debug;
		};
		D8B1021C2E4600EB00CB04DF /* Release */ = {
			isa = XCBuildConfiguration;
			buildSettings = {
				ALWAYS_SEARCH_USER_PATHS = NO;
				ASSETCATALOG_COMPILER_GENERATE_SWIFT_ASSET_SYMBOL_EXTENSIONS = YES;
				CLANG_ANALYZER_NONNULL = YES;
				CLANG_ANALYZER_NUMBER_OBJECT_CONVERSION = YES_AGGRESSIVE;
				CLANG_CXX_LANGUAGE_STANDARD = "gnu++20";
				CLANG_ENABLE_MODULES = YES;
				CLANG_ENABLE_OBJC_ARC = YES;
				CLANG_ENABLE_OBJC_WEAK = YES;
				CLANG_WARN_BLOCK_CAPTURE_AUTORELEASING = YES;
				CLANG_WARN_BOOL_CONVERSION = YES;
				CLANG_WARN_COMMA = YES;
				CLANG_WARN_CONSTANT_CONVERSION = YES;
				CLANG_WARN_DEPRECATED_OBJC_IMPLEMENTATIONS = YES;
				CLANG_WARN_DIRECT_OBJC_ISA_USAGE = YES_ERROR;
				CLANG_WARN_DOCUMENTATION_COMMENTS = YES;
				CLANG_WARN_EMPTY_BODY = YES;
				CLANG_WARN_ENUM_CONVERSION = YES;
				CLANG_WARN_INFINITE_RECURSION = YES;
				CLANG_WARN_INT_CONVERSION = YES;
				CLANG_WARN_NON_LITERAL_NULL_CONVERSION = YES;
				CLANG_WARN_OBJC_IMPLICIT_RETAIN_SELF = YES;
				CLANG_WARN_OBJC_LITERAL_CONVERSION = YES;
				CLANG_WARN_OBJC_ROOT_CLASS = YES_ERROR;
				CLANG_WARN_QUOTED_INCLUDE_IN_FRAMEWORK_HEADER = YES;
				CLANG_WARN_RANGE_LOOP_ANALYSIS = YES;
				CLANG_WARN_STRICT_PROTOTYPES = YES;
				CLANG_WARN_SUSPICIOUS_MOVE = YES;
				CLANG_WARN_UNGUARDED_AVAILABILITY = YES_AGGRESSIVE;
				CLANG_WARN_UNREACHABLE_CODE = YES;
				CLANG_WARN__DUPLICATE_METHOD_MATCH = YES;
				COPY_PHASE_STRIP = NO;
				DEBUG_INFORMATION_FORMAT = "dwarf-with-dsym";
				ENABLE_NS_ASSERTIONS = NO;
				ENABLE_STRICT_OBJC_MSGSEND = YES;
				ENABLE_USER_SCRIPT_SANDBOXING = YES;
				GCC_C_LANGUAGE_STANDARD = gnu17;
				GCC_NO_COMMON_BLOCKS = YES;
				GCC_WARN_64_TO_32_BIT_CONVERSION = YES;
				GCC_WARN_ABOUT_RETURN_TYPE = YES_ERROR;
				GCC_WARN_UNDECLARED_SELECTOR = YES;
				GCC_WARN_UNINITIALIZED_AUTOS = YES_AGGRESSIVE;
				GCC_WARN_UNUSED_FUNCTION = YES;
				GCC_WARN_UNUSED_VARIABLE = YES;
				IPHONEOS_DEPLOYMENT_TARGET = 18.2;
				LOCALIZATION_PREFERS_STRING_CATALOGS = YES;
				MTL_ENABLE_DEBUG_INFO = NO;
				MTL_FAST_MATH = YES;
				SDKROOT = iphoneos;
				SWIFT_COMPILATION_MODE = wholemodule;
				VALIDATE_PRODUCT = YES;
			};
			name = Release;
		};
/* End XCBuildConfiguration section */

/* Begin XCConfigurationList section */
		D8B102002E4600E800CB04DF /* Build configuration list for PBXProject "HappyMoonday-TestProject" */ = {
			isa = XCConfigurationList;
			buildConfigurations = (
				D8B1021B2E4600EB00CB04DF /* Debug */,
				D8B1021C2E4600EB00CB04DF /* Release */,
			);
			defaultConfigurationIsVisible = 0;
			defaultConfigurationName = Release;
		};
		D8B102182E4600EB00CB04DF /* Build configuration list for PBXNativeTarget "HappyMoonday-TestProject" */ = {
			isa = XCConfigurationList;
			buildConfigurations = (
				D8B102192E4600EB00CB04DF /* Debug */,
				D8B1021A2E4600EB00CB04DF /* Release */,
			);
			defaultConfigurationIsVisible = 0;
			defaultConfigurationName = Release;
		};
/* End XCConfigurationList section */

/* Begin XCRemoteSwiftPackageReference section */
		D88D51762E46390A000329AD /* XCRemoteSwiftPackageReference "Moya" */ = {
			isa = XCRemoteSwiftPackageReference;
			repositoryURL = "https://github.com/Moya/Moya.git";
			requirement = {
				kind = upToNextMajorVersion;
				minimumVersion = 15.0.3;
			};
		};
		D88D517F2E46395A000329AD /* XCRemoteSwiftPackageReference "Swinject" */ = {
			isa = XCRemoteSwiftPackageReference;
			repositoryURL = "https://github.com/Swinject/Swinject.git";
			requirement = {
				kind = upToNextMajorVersion;
				minimumVersion = 2.9.1;
			};
		};
		D88D51822E463981000329AD /* XCRemoteSwiftPackageReference "SnapKit" */ = {
			isa = XCRemoteSwiftPackageReference;
			repositoryURL = "https://github.com/SnapKit/SnapKit.git";
			requirement = {
				kind = upToNextMajorVersion;
				minimumVersion = 5.7.1;
			};
		};
		D88D51852E4639D1000329AD /* XCRemoteSwiftPackageReference "Then" */ = {
			isa = XCRemoteSwiftPackageReference;
			repositoryURL = "https://github.com/devxoul/Then";
			requirement = {
				kind = upToNextMajorVersion;
				minimumVersion = 3.0.0;
			};
		};
		D88D531B2E46E0E8000329AD /* XCRemoteSwiftPackageReference "lottie-spm" */ = {
			isa = XCRemoteSwiftPackageReference;
			repositoryURL = "https://github.com/airbnb/lottie-spm.git";
			requirement = {
				kind = upToNextMajorVersion;
				minimumVersion = 4.5.2;
			};
		};
		D88D53362E46F440000329AD /* XCRemoteSwiftPackageReference "Kingfisher" */ = {
			isa = XCRemoteSwiftPackageReference;
			repositoryURL = "https://github.com/onevcat/Kingfisher";
			requirement = {
				kind = upToNextMajorVersion;
				minimumVersion = 8.5.0;
			};
		};
		D88D547B2E4707D5000329AD /* XCRemoteSwiftPackageReference "realm-swift" */ = {
			isa = XCRemoteSwiftPackageReference;
			repositoryURL = "https://github.com/realm/realm-swift.git";
			requirement = {
				branch = master;
				kind = branch;
			};
		};
/* End XCRemoteSwiftPackageReference section */

/* Begin XCSwiftPackageProductDependency section */
		D88D51772E46390A000329AD /* CombineMoya */ = {
			isa = XCSwiftPackageProductDependency;
			package = D88D51762E46390A000329AD /* XCRemoteSwiftPackageReference "Moya" */;
			productName = CombineMoya;
		};
		D88D51792E46390A000329AD /* Moya */ = {
			isa = XCSwiftPackageProductDependency;
			package = D88D51762E46390A000329AD /* XCRemoteSwiftPackageReference "Moya" */;
			productName = Moya;
		};
		D88D517B2E46390A000329AD /* ReactiveMoya */ = {
			isa = XCSwiftPackageProductDependency;
			package = D88D51762E46390A000329AD /* XCRemoteSwiftPackageReference "Moya" */;
			productName = ReactiveMoya;
		};
		D88D517D2E46390A000329AD /* RxMoya */ = {
			isa = XCSwiftPackageProductDependency;
			package = D88D51762E46390A000329AD /* XCRemoteSwiftPackageReference "Moya" */;
			productName = RxMoya;
		};
		D88D51802E46395A000329AD /* Swinject */ = {
			isa = XCSwiftPackageProductDependency;
			package = D88D517F2E46395A000329AD /* XCRemoteSwiftPackageReference "Swinject" */;
			productName = Swinject;
		};
		D88D51832E463981000329AD /* SnapKit */ = {
			isa = XCSwiftPackageProductDependency;
			package = D88D51822E463981000329AD /* XCRemoteSwiftPackageReference "SnapKit" */;
			productName = SnapKit;
		};
		D88D51862E4639D1000329AD /* Then */ = {
			isa = XCSwiftPackageProductDependency;
			package = D88D51852E4639D1000329AD /* XCRemoteSwiftPackageReference "Then" */;
			productName = Then;
		};
		D88D531C2E46E0E8000329AD /* Lottie */ = {
			isa = XCSwiftPackageProductDependency;
			package = D88D531B2E46E0E8000329AD /* XCRemoteSwiftPackageReference "lottie-spm" */;
			productName = Lottie;
		};
		D88D53372E46F440000329AD /* Kingfisher */ = {
			isa = XCSwiftPackageProductDependency;
			package = D88D53362E46F440000329AD /* XCRemoteSwiftPackageReference "Kingfisher" */;
			productName = Kingfisher;
		};
		D88D547C2E4707D5000329AD /* RealmSwift */ = {
			isa = XCSwiftPackageProductDependency;
			package = D88D547B2E4707D5000329AD /* XCRemoteSwiftPackageReference "realm-swift" */;
			productName = RealmSwift;
		};
/* End XCSwiftPackageProductDependency section */
	};
	rootObject = D8B101FD2E4600E800CB04DF /* Project object */;
}
